version = 1
requires-python = ">=3.13"

[[package]]
name = "anyio"
version = "4.7.0"
source = { registry = "https://pypi.org/simple" }
dependencies = [
    { name = "idna" },
    { name = "sniffio" },
]
sdist = { url = "https://files.pythonhosted.org/packages/f6/40/318e58f669b1a9e00f5c4453910682e2d9dd594334539c7b7817dabb765f/anyio-4.7.0.tar.gz", hash = "sha256:2f834749c602966b7d456a7567cafcb309f96482b5081d14ac93ccd457f9dd48", size = 177076 }
wheels = [
    { url = "https://files.pythonhosted.org/packages/a0/7a/4daaf3b6c08ad7ceffea4634ec206faeff697526421c20f07628c7372156/anyio-4.7.0-py3-none-any.whl", hash = "sha256:ea60c3723ab42ba6fff7e8ccb0488c898ec538ff4df1f1d5e642c3601d07e352", size = 93052 },
]

[[package]]
name = "idna"
version = "3.10"
source = { registry = "https://pypi.org/simple" }
sdist = { url = "https://files.pythonhosted.org/packages/f1/70/7703c29685631f5a7590aa73f1f1d3fa9a380e654b86af429e0934a32f7d/idna-3.10.tar.gz", hash = "sha256:12f65c9b470abda6dc35cf8e63cc574b1c52b11df2c86030af0ac09b01b13ea9", size = 190490 }
wheels = [
    { url = "https://files.pythonhosted.org/packages/76/c6/c88e154df9c4e1a2a66ccf0005a88dfb2650c1dffb6f5ce603dfbd452ce3/idna-3.10-py3-none-any.whl", hash = "sha256:946d195a0d259cbba61165e88e65941f16e9b36ea6ddb97f00452bae8b1287d3", size = 70442 },
]

[[package]]
name = "pyxel"
version = "2.2.8"
source = { registry = "https://pypi.org/simple" }
wheels = [
    { url = "https://files.pythonhosted.org/packages/9a/d2/c13d8644b3e31bcd511a3dd1b0853d2dd4abfebd16245aa1da44cf231cef/pyxel-2.2.8-cp38-abi3-macosx_10_12_x86_64.whl", hash = "sha256:0bdbe2460f6516b8ce49e2f34b30254aef6fbe454631d223a890e05e55af0812", size = 3102524 },
    { url = "https://files.pythonhosted.org/packages/51/7c/b418b2dfd156f06b0f268321a97e91c266f68c5361013d99dbc1fa142c01/pyxel-2.2.8-cp38-abi3-macosx_11_0_arm64.whl", hash = "sha256:ab7b48c7e3fbe7adee61ea07ca5ca45b90ebfd9625374c7de9bd586e3ca8ba89", size = 2935191 },
    { url = "https://files.pythonhosted.org/packages/33/b2/5158ac28a57d8a224389be5dff4a37382d68a0e35f81b1aea3e308a95f7a/pyxel-2.2.8-cp38-abi3-manylinux_2_17_aarch64.manylinux2014_aarch64.whl", hash = "sha256:d5ad3b15bf78116f07a1bcb66f22631559b65cf15d15298a972f4d97bccde344", size = 2918239 },
    { url = "https://files.pythonhosted.org/packages/40/92/f422bf47e573baf69bd2b8ac928d97686f729c91774a9468b8ff89b16268/pyxel-2.2.8-cp38-abi3-manylinux_2_17_armv7l.manylinux2014_armv7l.whl", hash = "sha256:56d4ea47efb0080f0084052f7817a94170a7346f32ef3de61807650190aad9c0", size = 2935863 },
    { url = "https://files.pythonhosted.org/packages/c6/de/2f25593532860d014bd8d77dfb4d1ce09651c01a19501ba37ad2fc340d4e/pyxel-2.2.8-cp38-abi3-manylinux_2_17_i686.manylinux2014_i686.whl", hash = "sha256:76daae418838b207d340d03b7ca9a580b8147689b680cd15098b32085d176be8", size = 3176559 },
    { url = "https://files.pythonhosted.org/packages/ba/3b/caefdf83446ac7c06fcd101c426f573208b02274ae785d16fe2f0dc69448/pyxel-2.2.8-cp38-abi3-manylinux_2_17_x86_64.manylinux2014_x86_64.whl", hash = "sha256:1c81844b3282d5caf182075e105dc11f1edce70ef300256cf8888a2b8dafdb1d", size = 2976416 },
    { url = "https://files.pythonhosted.org/packages/70/94/86738a1f073ca808ff72f0d7d98dfd249808cf2ee3998b6af1e17e7d78e4/pyxel-2.2.8-cp38-abi3-win32.whl", hash = "sha256:1497c1c446be0176088260fe9ef589a1fd8582053eae2a622f05ac27bed8dd8b", size = 3056412 },
    { url = "https://files.pythonhosted.org/packages/96/5e/a6e5750a3af6ad1b6fe5008f5c5a416b2a94b5fe18f8ef236ab53acf9996/pyxel-2.2.8-cp38-abi3-win_amd64.whl", hash = "sha256:14d22d85ccb57aab2f043d4e82b9d404c513501efbf5fb240eead02708b6a873", size = 3202953 },
]

[[package]]
name = "pyxel-reload"
version = "0.2.0"
source = { registry = "https://pypi.org/simple" }
dependencies = [
    { name = "pyxel" },
    { name = "watchfiles" },
]
sdist = { url = "https://files.pythonhosted.org/packages/a3/f5/5c5b21904d482cd807d5f470658606919a5766e003b8408b7c3e9f2118b3/pyxel_reload-0.2.0.tar.gz", hash = "sha256:34fbf7986a5924ee2fbc835ad06e19f6f7dee15165829c6ecb3be24fa896b899", size = 293475 }
wheels = [
    { url = "https://files.pythonhosted.org/packages/8b/c0/3b867c88c902a39103e83b02c5cd0e2dc18c4a641291314564003cc7f301/pyxel_reload-0.2.0-py3-none-any.whl", hash = "sha256:946febe6515514d8722a7cee0772cec2a7527d594236a9e1c974b1787eb6c084", size = 4830 },
]

[[package]]
name = "pyxel-utils"
version = "0.1.0"
source = { directory = "../pyxel-utils" }

[package.metadata]

[package.metadata.requires-dev]
dev = [
    { name = "pyxel", specifier = "==2.2.10" },
    { name = "pyxel-reload", specifier = ">=0.2.0" },
    { name = "ruff", specifier = ">=0.8.4" },
]

[[package]]
name = "ruff"
version = "0.8.4"
source = { registry = "https://pypi.org/simple" }
sdist = { url = "https://files.pythonhosted.org/packages/34/37/9c02181ef38d55b77d97c68b78e705fd14c0de0e5d085202bb2b52ce5be9/ruff-0.8.4.tar.gz", hash = "sha256:0d5f89f254836799af1615798caa5f80b7f935d7a670fad66c5007928e57ace8", size = 3402103 }
wheels = [
    { url = "https://files.pythonhosted.org/packages/05/67/f480bf2f2723b2e49af38ed2be75ccdb2798fca7d56279b585c8f553aaab/ruff-0.8.4-py3-none-linux_armv6l.whl", hash = "sha256:58072f0c06080276804c6a4e21a9045a706584a958e644353603d36ca1eb8a60", size = 10546415 },
    { url = "https://files.pythonhosted.org/packages/eb/7a/5aba20312c73f1ce61814e520d1920edf68ca3b9c507bd84d8546a8ecaa8/ruff-0.8.4-py3-none-macosx_10_12_x86_64.whl", hash = "sha256:ffb60904651c00a1e0b8df594591770018a0f04587f7deeb3838344fe3adabac", size = 10346113 },
    { url = "https://files.pythonhosted.org/packages/76/f4/c41de22b3728486f0aa95383a44c42657b2db4062f3234ca36fc8cf52d8b/ruff-0.8.4-py3-none-macosx_11_0_arm64.whl", hash = "sha256:6ddf5d654ac0d44389f6bf05cee4caeefc3132a64b58ea46738111d687352296", size = 9943564 },
    { url = "https://files.pythonhosted.org/packages/0e/f0/afa0d2191af495ac82d4cbbfd7a94e3df6f62a04ca412033e073b871fc6d/ruff-0.8.4-py3-none-manylinux_2_17_aarch64.manylinux2014_aarch64.whl", hash = "sha256:e248b1f0fa2749edd3350a2a342b67b43a2627434c059a063418e3d375cfe643", size = 10805522 },
    { url = "https://files.pythonhosted.org/packages/12/57/5d1e9a0fd0c228e663894e8e3a8e7063e5ee90f8e8e60cf2085f362bfa1a/ruff-0.8.4-py3-none-manylinux_2_17_armv7l.manylinux2014_armv7l.whl", hash = "sha256:bf197b98ed86e417412ee3b6c893f44c8864f816451441483253d5ff22c0e81e", size = 10306763 },
    { url = "https://files.pythonhosted.org/packages/04/df/f069fdb02e408be8aac6853583572a2873f87f866fe8515de65873caf6b8/ruff-0.8.4-py3-none-manylinux_2_17_i686.manylinux2014_i686.whl", hash = "sha256:c41319b85faa3aadd4d30cb1cffdd9ac6b89704ff79f7664b853785b48eccdf3", size = 11359574 },
    { url = "https://files.pythonhosted.org/packages/d3/04/37c27494cd02e4a8315680debfc6dfabcb97e597c07cce0044db1f9dfbe2/ruff-0.8.4-py3-none-manylinux_2_17_ppc64.manylinux2014_ppc64.whl", hash = "sha256:9f8402b7c4f96463f135e936d9ab77b65711fcd5d72e5d67597b543bbb43cf3f", size = 12094851 },
    { url = "https://files.pythonhosted.org/packages/81/b1/c5d7fb68506cab9832d208d03ea4668da9a9887a4a392f4f328b1bf734ad/ruff-0.8.4-py3-none-manylinux_2_17_ppc64le.manylinux2014_ppc64le.whl", hash = "sha256:e4e56b3baa9c23d324ead112a4fdf20db9a3f8f29eeabff1355114dd96014604", size = 11655539 },
    { url = "https://files.pythonhosted.org/packages/ef/38/8f8f2c8898dc8a7a49bc340cf6f00226917f0f5cb489e37075bcb2ce3671/ruff-0.8.4-py3-none-manylinux_2_17_s390x.manylinux2014_s390x.whl", hash = "sha256:736272574e97157f7edbbb43b1d046125fce9e7d8d583d5d65d0c9bf2c15addf", size = 12912805 },
    { url = "https://files.pythonhosted.org/packages/06/dd/fa6660c279f4eb320788876d0cff4ea18d9af7d9ed7216d7bd66877468d0/ruff-0.8.4-py3-none-manylinux_2_17_x86_64.manylinux2014_x86_64.whl", hash = "sha256:e5fe710ab6061592521f902fca7ebcb9fabd27bc7c57c764298b1c1f15fff720", size = 11205976 },
    { url = "https://files.pythonhosted.org/packages/a8/d7/de94cc89833b5de455750686c17c9e10f4e1ab7ccdc5521b8fe911d1477e/ruff-0.8.4-py3-none-musllinux_1_2_aarch64.whl", hash = "sha256:13e9ec6d6b55f6da412d59953d65d66e760d583dd3c1c72bf1f26435b5bfdbae", size = 10792039 },
    { url = "https://files.pythonhosted.org/packages/6d/15/3e4906559248bdbb74854af684314608297a05b996062c9d72e0ef7c7097/ruff-0.8.4-py3-none-musllinux_1_2_armv7l.whl", hash = "sha256:97d9aefef725348ad77d6db98b726cfdb075a40b936c7984088804dfd38268a7", size = 10400088 },
    { url = "https://files.pythonhosted.org/packages/a2/21/9ed4c0e8133cb4a87a18d470f534ad1a8a66d7bec493bcb8bda2d1a5d5be/ruff-0.8.4-py3-none-musllinux_1_2_i686.whl", hash = "sha256:ab78e33325a6f5374e04c2ab924a3367d69a0da36f8c9cb6b894a62017506111", size = 10900814 },
    { url = "https://files.pythonhosted.org/packages/0d/5d/122a65a18955bd9da2616b69bc839351f8baf23b2805b543aa2f0aed72b5/ruff-0.8.4-py3-none-musllinux_1_2_x86_64.whl", hash = "sha256:8ef06f66f4a05c3ddbc9121a8b0cecccd92c5bf3dd43b5472ffe40b8ca10f0f8", size = 11268828 },
    { url = "https://files.pythonhosted.org/packages/43/a9/1676ee9106995381e3d34bccac5bb28df70194167337ed4854c20f27c7ba/ruff-0.8.4-py3-none-win32.whl", hash = "sha256:552fb6d861320958ca5e15f28b20a3d071aa83b93caee33a87b471f99a6c0835", size = 8805621 },
    { url = "https://files.pythonhosted.org/packages/10/98/ed6b56a30ee76771c193ff7ceeaf1d2acc98d33a1a27b8479cbdb5c17a23/ruff-0.8.4-py3-none-win_amd64.whl", hash = "sha256:f21a1143776f8656d7f364bd264a9d60f01b7f52243fbe90e7670c0dfe0cf65d", size = 9660086 },
    { url = "https://files.pythonhosted.org/packages/13/9f/026e18ca7d7766783d779dae5e9c656746c6ede36ef73c6d934aaf4a6dec/ruff-0.8.4-py3-none-win_arm64.whl", hash = "sha256:9183dd615d8df50defa8b1d9a074053891ba39025cf5ae88e8bcb52edcc4bf08", size = 9074500 },
]

[[package]]
name = "ski-trip"
version = "0.1.0"
source = { virtual = "." }
dependencies = [
    { name = "pyxel" },
    { name = "pyxel-utils" },
]

[package.dev-dependencies]
dev = [
    { name = "pyxel-reload" },
    { name = "ruff" },
]

[package.metadata]
requires-dist = [
    { name = "pyxel", specifier = ">=2.2.8" },
    { name = "pyxel-utils", directory = "../pyxel-utils" },
]

[package.metadata.requires-dev]
dev = [
    { name = "pyxel-reload", specifier = ">=0.2.0" },
    { name = "ruff", specifier = ">=0.8.4" },
]

[[package]]
name = "sniffio"
version = "1.3.1"
source = { registry = "https://pypi.org/simple" }
sdist = { url = "https://files.pythonhosted.org/packages/a2/87/a6771e1546d97e7e041b6ae58d80074f81b7d5121207425c964ddf5cfdbd/sniffio-1.3.1.tar.gz", hash = "sha256:f4324edc670a0f49750a81b895f35c3adb843cca46f0530f79fc1babb23789dc", size = 20372 }
wheels = [
    { url = "https://files.pythonhosted.org/packages/e9/44/75a9c9421471a6c4805dbf2356f7c181a29c1879239abab1ea2cc8f38b40/sniffio-1.3.1-py3-none-any.whl", hash = "sha256:2f6da418d1f1e0fddd844478f41680e794e6051915791a034ff65e5f100525a2", size = 10235 },
]

[[package]]
name = "watchfiles"
version = "1.0.3"
source = { registry = "https://pypi.org/simple" }
dependencies = [
    { name = "anyio" },
]
sdist = { url = "https://files.pythonhosted.org/packages/3c/7e/4569184ea04b501840771b8fcecee19b2233a8b72c196061263c0ef23c0b/watchfiles-1.0.3.tar.gz", hash = "sha256:f3ff7da165c99a5412fe5dd2304dd2dbaaaa5da718aad942dcb3a178eaa70c56", size = 38185 }
wheels = [
    { url = "https://files.pythonhosted.org/packages/36/77/0ceb864c854c59bc5326484f88a900c70b4a05e3792e0ce340689988dd5e/watchfiles-1.0.3-cp313-cp313-macosx_10_12_x86_64.whl", hash = "sha256:e153a690b7255c5ced17895394b4f109d5dcc2a4f35cb809374da50f0e5c456a", size = 391061 },
    { url = "https://files.pythonhosted.org/packages/00/66/327046cfe276a6e4af1a9a58fc99321e25783e501dc68c4c82de2d1bd3a7/watchfiles-1.0.3-cp313-cp313-macosx_11_0_arm64.whl", hash = "sha256:ac1be85fe43b4bf9a251978ce5c3bb30e1ada9784290441f5423a28633a958a7", size = 381177 },
    { url = "https://files.pythonhosted.org/packages/66/8a/420e2833deaa88e8ca7d94a497ec60fde610c66206a1776f049dc5ad3a4e/watchfiles-1.0.3-cp313-cp313-manylinux_2_17_aarch64.manylinux2014_aarch64.whl", hash = "sha256:a2ec98e31e1844eac860e70d9247db9d75440fc8f5f679c37d01914568d18721", size = 441293 },
    { url = "https://files.pythonhosted.org/packages/58/56/2627795ecdf3f0f361458cfa74c583d5041615b9ad81bc25f8c66a6c44a2/watchfiles-1.0.3-cp313-cp313-manylinux_2_17_armv7l.manylinux2014_armv7l.whl", hash = "sha256:0179252846be03fa97d4d5f8233d1c620ef004855f0717712ae1c558f1974a16", size = 446209 },
    { url = "https://files.pythonhosted.org/packages/8f/d0/11c8dcd8a9995f0c075d76f1d06068bbb7a17583a19c5be75361497a4074/watchfiles-1.0.3-cp313-cp313-manylinux_2_17_i686.manylinux2014_i686.whl", hash = "sha256:995c374e86fa82126c03c5b4630c4e312327ecfe27761accb25b5e1d7ab50ec8", size = 471227 },
    { url = "https://files.pythonhosted.org/packages/cb/8f/baa06574eaf48173882c4cdc3636993d0854661be7d88193e015ef996c73/watchfiles-1.0.3-cp313-cp313-manylinux_2_17_ppc64le.manylinux2014_ppc64le.whl", hash = "sha256:29b9cb35b7f290db1c31fb2fdf8fc6d3730cfa4bca4b49761083307f441cac5a", size = 493205 },
    { url = "https://files.pythonhosted.org/packages/ee/e8/9af886b4d3daa281047b542ffd2eb8f76dae9dd6ca0e21c5df4593b98574/watchfiles-1.0.3-cp313-cp313-manylinux_2_17_s390x.manylinux2014_s390x.whl", hash = "sha256:6f8dc09ae69af50bead60783180f656ad96bd33ffbf6e7a6fce900f6d53b08f1", size = 489090 },
    { url = "https://files.pythonhosted.org/packages/81/02/62085db54b151fc02e22d47b288d19e99031dc9af73151289a7ab6621f9a/watchfiles-1.0.3-cp313-cp313-manylinux_2_17_x86_64.manylinux2014_x86_64.whl", hash = "sha256:489b80812f52a8d8c7b0d10f0d956db0efed25df2821c7a934f6143f76938bd6", size = 442610 },
    { url = "https://files.pythonhosted.org/packages/61/81/980439c5d3fd3c69ba7124a56e1016d0b824ced2192ffbfe7062d53f524b/watchfiles-1.0.3-cp313-cp313-musllinux_1_1_aarch64.whl", hash = "sha256:228e2247de583475d4cebf6b9af5dc9918abb99d1ef5ee737155bb39fb33f3c0", size = 614781 },
    { url = "https://files.pythonhosted.org/packages/55/98/e11401d8e9cd5d2bd0e95e9bf750f397489681965ee0c72fb84732257912/watchfiles-1.0.3-cp313-cp313-musllinux_1_1_x86_64.whl", hash = "sha256:1550be1a5cb3be08a3fb84636eaafa9b7119b70c71b0bed48726fd1d5aa9b868", size = 612637 },
    { url = "https://files.pythonhosted.org/packages/50/be/8393b68f2add0f839be6863f151bd6a7b242efc6eb2ce0c9f7d135d529cc/watchfiles-1.0.3-cp313-cp313-win32.whl", hash = "sha256:16db2d7e12f94818cbf16d4c8938e4d8aaecee23826344addfaaa671a1527b07", size = 271170 },
    { url = "https://files.pythonhosted.org/packages/f0/da/725f97a8b1b4e7b3e4331cce3ef921b12568af3af403b9f0f61ede036898/watchfiles-1.0.3-cp313-cp313-win_amd64.whl", hash = "sha256:160eff7d1267d7b025e983ca8460e8cc67b328284967cbe29c05f3c3163711a3", size = 285246 },
]
